
Microsoft Visual Studio Solution File, Format Version 12.00
# Visual Studio 2017
Project("{FAE04EC0-301F-11D3-BF4B-00C04F79EFBC}") = "Rorligt", "Rorligt.csproj", "{DC885192-ACAD-387E-14F1-82F604F73C64}"
EndProject
Project("{FAE04EC0-301F-11D3-BF4B-00C04F79EFBC}") = "Rorligt.Editor", "Rorligt.Editor.csproj", "{1D70CA78-EC56-A0BD-2F57-4DD25D1B5D47}"
EndProject
Global
	GlobalSection(SolutionConfigurationPlatforms) = preSolution
		Debug|Any CPU = Debug|Any CPU
		Release|Any CPU = Release|Any CPU
	EndGlobalSection
	GlobalSection(ProjectConfigurationPlatforms) = postSolution
		{DC885192-ACAD-387E-14F1-82F604F73C64}.Debug|Any CPU.ActiveCfg = Debug|Any CPU
		{DC885192-ACAD-387E-14F1-82F604F73C64}.Debug|Any CPU.Build.0 = Debug|Any CPU
		{DC885192-ACAD-387E-14F1-82F604F73C64}.Release|Any CPU.ActiveCfg = Release|Any CPU
		{DC885192-ACAD-387E-14F1-82F604F73C64}.Release|Any CPU.Build.0 = Release|Any CPU
		{1D70CA78-EC56-A0BD-2F57-4DD25D1B5D47}.Debug|Any CPU.ActiveCfg = Debug|Any CPU
		{1D70CA78-EC56-A0BD-2F57-4DD25D1B5D47}.Debug|Any CPU.Build.0 = Debug|Any CPU
		{1D70CA78-EC56-A0BD-2F57-4DD25D1B5D47}.Release|Any CPU.ActiveCfg = Release|Any CPU
		{1D70CA78-EC56-A0BD-2F57-4DD25D1B5D47}.Release|Any CPU.Build.0 = Release|Any CPU
	EndGlobalSection
	GlobalSection(SolutionProperties) = preSolution
		HideSolutionNode = FALSE
	EndGlobalSection
EndGlobal
