
Microsoft Visual Studio Solution File, Format Version 12.00
# Visual Studio 2017
Project("{FAE04EC0-301F-11D3-BF4B-00C04F79EFBC}") = "Kranvagn.Plugins", "Kranvagn.Plugins.csproj", "{8C06EF74-932F-6F9D-FE20-4EB7158E3913}"
EndProject
Project("{FAE04EC0-301F-11D3-BF4B-00C04F79EFBC}") = "Kranvagn", "Kranvagn.csproj", "{DA2B38D7-9A1E-2594-84D1-039E14389942}"
EndProject
Project("{FAE04EC0-301F-11D3-BF4B-00C04F79EFBC}") = "Kranvagn.Editor.Plugins", "Kranvagn.Editor.Plugins.csproj", "{5AB8E7E4-77E0-7DB7-79D1-C7B732CDA1A0}"
EndProject
Project("{FAE04EC0-301F-11D3-BF4B-00C04F79EFBC}") = "Kranvagn.Editor", "Kranvagn.Editor.csproj", "{0B880F4F-5586-F3A2-C3D6-DA3AE31BEA90}"
EndProject
Global
	GlobalSection(SolutionConfigurationPlatforms) = preSolution
		Debug|Any CPU = Debug|Any CPU
		Release|Any CPU = Release|Any CPU
	EndGlobalSection
	GlobalSection(ProjectConfigurationPlatforms) = postSolution
		{8C06EF74-932F-6F9D-FE20-4EB7158E3913}.Debug|Any CPU.ActiveCfg = Debug|Any CPU
		{8C06EF74-932F-6F9D-FE20-4EB7158E3913}.Debug|Any CPU.Build.0 = Debug|Any CPU
		{8C06EF74-932F-6F9D-FE20-4EB7158E3913}.Release|Any CPU.ActiveCfg = Release|Any CPU
		{8C06EF74-932F-6F9D-FE20-4EB7158E3913}.Release|Any CPU.Build.0 = Release|Any CPU
		{DA2B38D7-9A1E-2594-84D1-039E14389942}.Debug|Any CPU.ActiveCfg = Debug|Any CPU
		{DA2B38D7-9A1E-2594-84D1-039E14389942}.Debug|Any CPU.Build.0 = Debug|Any CPU
		{DA2B38D7-9A1E-2594-84D1-039E14389942}.Release|Any CPU.ActiveCfg = Release|Any CPU
		{DA2B38D7-9A1E-2594-84D1-039E14389942}.Release|Any CPU.Build.0 = Release|Any CPU
		{5AB8E7E4-77E0-7DB7-79D1-C7B732CDA1A0}.Debug|Any CPU.ActiveCfg = Debug|Any CPU
		{5AB8E7E4-77E0-7DB7-79D1-C7B732CDA1A0}.Debug|Any CPU.Build.0 = Debug|Any CPU
		{5AB8E7E4-77E0-7DB7-79D1-C7B732CDA1A0}.Release|Any CPU.ActiveCfg = Release|Any CPU
		{5AB8E7E4-77E0-7DB7-79D1-C7B732CDA1A0}.Release|Any CPU.Build.0 = Release|Any CPU
		{0B880F4F-5586-F3A2-C3D6-DA3AE31BEA90}.Debug|Any CPU.ActiveCfg = Debug|Any CPU
		{0B880F4F-5586-F3A2-C3D6-DA3AE31BEA90}.Debug|Any CPU.Build.0 = Debug|Any CPU
		{0B880F4F-5586-F3A2-C3D6-DA3AE31BEA90}.Release|Any CPU.ActiveCfg = Release|Any CPU
		{0B880F4F-5586-F3A2-C3D6-DA3AE31BEA90}.Release|Any CPU.Build.0 = Release|Any CPU
	EndGlobalSection
	GlobalSection(SolutionProperties) = preSolution
		HideSolutionNode = FALSE
	EndGlobalSection
EndGlobal
